
Microsoft Visual Studio Solution File, Format Version 12.00
# Visual Studio Version 17
VisualStudioVersion = 17.0.31903.59
MinimumVisualStudioVersion = 10.0.40219.1
Project("{2150E333-8FDC-42A3-9474-1A3956D46DE8}") = "App", "App", "{C8A7E5A9-7DD2-4E37-9255-32AEFDA5720E}"
EndProject
Project("{FAE04EC0-301F-11D3-BF4B-00C04F79EFBC}") = "LLC.Mac", "LLC.Mac\LLC.Mac.csproj", "{7B0361A0-693D-481C-AFC4-5595FF9DB458}"
EndProject
Project("{2150E333-8FDC-42A3-9474-1A3956D46DE8}") = "External", "External", "{5CDF1A8E-EA65-44BC-B295-6B64E00F7892}"
	ProjectSection(SolutionItems) = preProject
		Directory.Build.props = Directory.Build.props
	EndProjectSection
EndProject
Project("{FAE04EC0-301F-11D3-BF4B-00C04F79EFBC}") = "LLC.Linux", "LLC.Linux\LLC.Linux.csproj", "{FA2E5F97-6BCC-495E-8E69-57D9B543CBA9}"
EndProject
Project("{FAE04EC0-301F-11D3-BF4B-00C04F79EFBC}") = "LLC.Win", "LLC.Win\LLC.Win.csproj", "{FD4BCC7C-5DDF-4824-9944-C3D04C3320AB}"
EndProject
Project("{FAE04EC0-301F-11D3-BF4B-00C04F79EFBC}") = "LLC", "LLC\LLC.csproj", "{E86C83E7-79B7-4B12-9752-5D9F69A2A5A3}"
EndProject
Project("{FAE04EC0-301F-11D3-BF4B-00C04F79EFBC}") = "LLC.Infrastructure", "LLC.Infrastructure\LLC.Infrastructure.csproj", "{B0289D50-BCB4-4239-A99B-59141A2AD1F0}"
EndProject
Project("{FAE04EC0-301F-11D3-BF4B-00C04F79EFBC}") = "LLC.Views", "LLC.Views\LLC.Views.csproj", "{B33D3EEC-274D-42F4-AC19-70D1AF50C70C}"
EndProject
Project("{FAE04EC0-301F-11D3-BF4B-00C04F79EFBC}") = "LLC.ViewModels", "LLC.ViewModels\LLC.ViewModels.csproj", "{398C45D1-7D9F-4BFD-84ED-11C513F79649}"
EndProject
Project("{FAE04EC0-301F-11D3-BF4B-00C04F79EFBC}") = "LLC.Assets", "LLC.Assets\LLC.Assets.csproj", "{B81E34DB-AB42-4C53-9BC3-4DB24CDBA36C}"
EndProject
Project("{FAE04EC0-301F-11D3-BF4B-00C04F79EFBC}") = "LLC.Viewer", "LLC.Viewer\LLC.Viewer.csproj", "{90D979FD-C9B1-4176-8793-65CC8572F960}"
EndProject
Global
	GlobalSection(SolutionConfigurationPlatforms) = preSolution
		Debug|Any CPU = Debug|Any CPU
		Release|Any CPU = Release|Any CPU
	EndGlobalSection
	GlobalSection(SolutionProperties) = preSolution
		HideSolutionNode = FALSE
	EndGlobalSection
	GlobalSection(ProjectConfigurationPlatforms) = postSolution
		{7B0361A0-693D-481C-AFC4-5595FF9DB458}.Debug|Any CPU.ActiveCfg = Debug|Any CPU
		{7B0361A0-693D-481C-AFC4-5595FF9DB458}.Debug|Any CPU.Build.0 = Debug|Any CPU
		{7B0361A0-693D-481C-AFC4-5595FF9DB458}.Release|Any CPU.ActiveCfg = Release|Any CPU
		{7B0361A0-693D-481C-AFC4-5595FF9DB458}.Release|Any CPU.Build.0 = Release|Any CPU
		{FA2E5F97-6BCC-495E-8E69-57D9B543CBA9}.Debug|Any CPU.ActiveCfg = Debug|Any CPU
		{FA2E5F97-6BCC-495E-8E69-57D9B543CBA9}.Debug|Any CPU.Build.0 = Debug|Any CPU
		{FA2E5F97-6BCC-495E-8E69-57D9B543CBA9}.Release|Any CPU.ActiveCfg = Release|Any CPU
		{FA2E5F97-6BCC-495E-8E69-57D9B543CBA9}.Release|Any CPU.Build.0 = Release|Any CPU
		{FD4BCC7C-5DDF-4824-9944-C3D04C3320AB}.Debug|Any CPU.ActiveCfg = Debug|Any CPU
		{FD4BCC7C-5DDF-4824-9944-C3D04C3320AB}.Debug|Any CPU.Build.0 = Debug|Any CPU
		{FD4BCC7C-5DDF-4824-9944-C3D04C3320AB}.Release|Any CPU.ActiveCfg = Release|Any CPU
		{FD4BCC7C-5DDF-4824-9944-C3D04C3320AB}.Release|Any CPU.Build.0 = Release|Any CPU
		{E86C83E7-79B7-4B12-9752-5D9F69A2A5A3}.Debug|Any CPU.ActiveCfg = Debug|Any CPU
		{E86C83E7-79B7-4B12-9752-5D9F69A2A5A3}.Debug|Any CPU.Build.0 = Debug|Any CPU
		{E86C83E7-79B7-4B12-9752-5D9F69A2A5A3}.Release|Any CPU.ActiveCfg = Release|Any CPU
		{E86C83E7-79B7-4B12-9752-5D9F69A2A5A3}.Release|Any CPU.Build.0 = Release|Any CPU
		{B0289D50-BCB4-4239-A99B-59141A2AD1F0}.Debug|Any CPU.ActiveCfg = Debug|Any CPU
		{B0289D50-BCB4-4239-A99B-59141A2AD1F0}.Debug|Any CPU.Build.0 = Debug|Any CPU
		{B0289D50-BCB4-4239-A99B-59141A2AD1F0}.Release|Any CPU.ActiveCfg = Release|Any CPU
		{B0289D50-BCB4-4239-A99B-59141A2AD1F0}.Release|Any CPU.Build.0 = Release|Any CPU
		{B33D3EEC-274D-42F4-AC19-70D1AF50C70C}.Debug|Any CPU.ActiveCfg = Debug|Any CPU
		{B33D3EEC-274D-42F4-AC19-70D1AF50C70C}.Debug|Any CPU.Build.0 = Debug|Any CPU
		{B33D3EEC-274D-42F4-AC19-70D1AF50C70C}.Release|Any CPU.ActiveCfg = Release|Any CPU
		{B33D3EEC-274D-42F4-AC19-70D1AF50C70C}.Release|Any CPU.Build.0 = Release|Any CPU
		{398C45D1-7D9F-4BFD-84ED-11C513F79649}.Debug|Any CPU.ActiveCfg = Debug|Any CPU
		{398C45D1-7D9F-4BFD-84ED-11C513F79649}.Debug|Any CPU.Build.0 = Debug|Any CPU
		{398C45D1-7D9F-4BFD-84ED-11C513F79649}.Release|Any CPU.ActiveCfg = Release|Any CPU
		{398C45D1-7D9F-4BFD-84ED-11C513F79649}.Release|Any CPU.Build.0 = Release|Any CPU
		{B81E34DB-AB42-4C53-9BC3-4DB24CDBA36C}.Debug|Any CPU.ActiveCfg = Debug|Any CPU
		{B81E34DB-AB42-4C53-9BC3-4DB24CDBA36C}.Debug|Any CPU.Build.0 = Debug|Any CPU
		{B81E34DB-AB42-4C53-9BC3-4DB24CDBA36C}.Release|Any CPU.ActiveCfg = Release|Any CPU
		{B81E34DB-AB42-4C53-9BC3-4DB24CDBA36C}.Release|Any CPU.Build.0 = Release|Any CPU
		{90D979FD-C9B1-4176-8793-65CC8572F960}.Debug|Any CPU.ActiveCfg = Debug|Any CPU
		{90D979FD-C9B1-4176-8793-65CC8572F960}.Debug|Any CPU.Build.0 = Debug|Any CPU
		{90D979FD-C9B1-4176-8793-65CC8572F960}.Release|Any CPU.ActiveCfg = Release|Any CPU
		{90D979FD-C9B1-4176-8793-65CC8572F960}.Release|Any CPU.Build.0 = Release|Any CPU
	EndGlobalSection
	GlobalSection(NestedProjects) = preSolution
		{7B0361A0-693D-481C-AFC4-5595FF9DB458} = {C8A7E5A9-7DD2-4E37-9255-32AEFDA5720E}
		{FA2E5F97-6BCC-495E-8E69-57D9B543CBA9} = {C8A7E5A9-7DD2-4E37-9255-32AEFDA5720E}
		{FD4BCC7C-5DDF-4824-9944-C3D04C3320AB} = {C8A7E5A9-7DD2-4E37-9255-32AEFDA5720E}
		{E86C83E7-79B7-4B12-9752-5D9F69A2A5A3} = {C8A7E5A9-7DD2-4E37-9255-32AEFDA5720E}
		{B0289D50-BCB4-4239-A99B-59141A2AD1F0} = {C8A7E5A9-7DD2-4E37-9255-32AEFDA5720E}
		{90D979FD-C9B1-4176-8793-65CC8572F960} = {C8A7E5A9-7DD2-4E37-9255-32AEFDA5720E}
	EndGlobalSection
EndGlobal
